
Microsoft Visual Studio Solution File, Format Version 12.00
# Visual Studio Version 17
VisualStudioVersion = 17.6.33723.286
MinimumVisualStudioVersion = 10.0.40219.1
Project("{FAE04EC0-301F-11D3-BF4B-00C04F79EFBC}") = "WebAPIDemo", "WebAPIDemo\WebAPIDemo.csproj", "{D3596E9D-76A5-48EE-80E0-0FAE02CC48BD}"
EndProject
Global
	GlobalSection(SolutionConfigurationPlatforms) = preSolution
		Debug|Any CPU = Debug|Any CPU
		Release|Any CPU = Release|Any CPU
	EndGlobalSection
	GlobalSection(ProjectConfigurationPlatforms) = postSolution
		{D3596E9D-76A5-48EE-80E0-0FAE02CC48BD}.Debug|Any CPU.ActiveCfg = Debug|Any CPU
		{D3596E9D-76A5-48EE-80E0-0FAE02CC48BD}.Debug|Any CPU.Build.0 = Debug|Any CPU
		{D3596E9D-76A5-48EE-80E0-0FAE02CC48BD}.Release|Any CPU.ActiveCfg = Release|Any CPU
		{D3596E9D-76A5-48EE-80E0-0FAE02CC48BD}.Release|Any CPU.Build.0 = Release|Any CPU
	EndGlobalSection
	GlobalSection(SolutionProperties) = preSolution
		HideSolutionNode = FALSE
	EndGlobalSection
	GlobalSection(ExtensibilityGlobals) = postSolution
		SolutionGuid = {84FEBA36-547C-468B-BEC8-CBC7CD29B89D}
	EndGlobalSection
EndGlobal
